
Microsoft Visual Studio Solution File, Format Version 12.00
# Visual Studio Version 17
VisualStudioVersion = 17.2.32526.322
MinimumVisualStudioVersion = 10.0.40219.1
Project("{FAE04EC0-301F-11D3-BF4B-00C04F79EFBC}") = "Triangle_TEST_TASK", "Triangle_TEST_TASK.csproj", "{92B70CAB-18AD-44B9-9A5B-42907E84C1A9}"
EndProject
Global
	GlobalSection(SolutionConfigurationPlatforms) = preSolution
		Debug|Any CPU = Debug|Any CPU
		Release|Any CPU = Release|Any CPU
	EndGlobalSection
	GlobalSection(ProjectConfigurationPlatforms) = postSolution
		{92B70CAB-18AD-44B9-9A5B-42907E84C1A9}.Debug|Any CPU.ActiveCfg = Debug|Any CPU
		{92B70CAB-18AD-44B9-9A5B-42907E84C1A9}.Debug|Any CPU.Build.0 = Debug|Any CPU
		{92B70CAB-18AD-44B9-9A5B-42907E84C1A9}.Release|Any CPU.ActiveCfg = Release|Any CPU
		{92B70CAB-18AD-44B9-9A5B-42907E84C1A9}.Release|Any CPU.Build.0 = Release|Any CPU
	EndGlobalSection
	GlobalSection(SolutionProperties) = preSolution
		HideSolutionNode = FALSE
	EndGlobalSection
	GlobalSection(ExtensibilityGlobals) = postSolution
		SolutionGuid = {E6A2290A-C80A-44D9-8EB1-213515540C21}
	EndGlobalSection
EndGlobal
